
Microsoft Visual Studio Solution File, Format Version 12.00
Project("{FAE04EC0-301F-11D3-BF4B-00C04F79EFBC}") = "API", "API\API.csproj", "{A138134B-E481-4E1B-871F-86FBC7230017}"
EndProject
Project("{FAE04EC0-301F-11D3-BF4B-00C04F79EFBC}") = "Worker", "Worker\Worker.csproj", "{B76A003F-E714-4169-BC86-01B6CC310502}"
EndProject
Project("{2150E333-8FDC-42A3-9474-1A3956D46DE8}") = "Solution Items", "Solution Items", "{A4161ABB-0C1C-4125-9127-411A551F65F6}"
	ProjectSection(SolutionItems) = preProject
		docker-compose.yml = docker-compose.yml
		dockerfile.api = dockerfile.api
		dockerfile.worker = dockerfile.worker
		README.md = README.md
	EndProjectSection
EndProject
Project("{FAE04EC0-301F-11D3-BF4B-00C04F79EFBC}") = "Domain", "Domain\Domain.csproj", "{B337EF88-9C96-4561-A475-AED271645CCD}"
EndProject
Project("{FAE04EC0-301F-11D3-BF4B-00C04F79EFBC}") = "Domain.Tests", "Domain.Tests\Domain.Tests.csproj", "{74E76BDE-3CE3-430F-A4FD-5789A5897FB8}"
EndProject
Project("{2150E333-8FDC-42A3-9474-1A3956D46DE8}") = "src", "src", "{D75EC8FA-414F-4C8B-9380-690AE3D5337F}"
EndProject
Project("{2150E333-8FDC-42A3-9474-1A3956D46DE8}") = "tests", "tests", "{C8EA1333-9164-410F-949B-0A254604E339}"
EndProject
Project("{FAE04EC0-301F-11D3-BF4B-00C04F79EFBC}") = "Events", "Events\Events.csproj", "{8E9FE9BB-6680-4984-869B-2B9D155233A6}"
EndProject
Global
	GlobalSection(SolutionConfigurationPlatforms) = preSolution
		Debug|Any CPU = Debug|Any CPU
		Release|Any CPU = Release|Any CPU
	EndGlobalSection
	GlobalSection(ProjectConfigurationPlatforms) = postSolution
		{A138134B-E481-4E1B-871F-86FBC7230017}.Debug|Any CPU.ActiveCfg = Debug|Any CPU
		{A138134B-E481-4E1B-871F-86FBC7230017}.Debug|Any CPU.Build.0 = Debug|Any CPU
		{A138134B-E481-4E1B-871F-86FBC7230017}.Release|Any CPU.ActiveCfg = Release|Any CPU
		{A138134B-E481-4E1B-871F-86FBC7230017}.Release|Any CPU.Build.0 = Release|Any CPU
		{B76A003F-E714-4169-BC86-01B6CC310502}.Release|Any CPU.ActiveCfg = Release|Any CPU
		{B76A003F-E714-4169-BC86-01B6CC310502}.Release|Any CPU.Build.0 = Release|Any CPU
		{B76A003F-E714-4169-BC86-01B6CC310502}.Debug|Any CPU.ActiveCfg = Release|Any CPU
		{B76A003F-E714-4169-BC86-01B6CC310502}.Debug|Any CPU.Build.0 = Release|Any CPU
		{B337EF88-9C96-4561-A475-AED271645CCD}.Debug|Any CPU.ActiveCfg = Debug|Any CPU
		{B337EF88-9C96-4561-A475-AED271645CCD}.Debug|Any CPU.Build.0 = Debug|Any CPU
		{B337EF88-9C96-4561-A475-AED271645CCD}.Release|Any CPU.ActiveCfg = Release|Any CPU
		{B337EF88-9C96-4561-A475-AED271645CCD}.Release|Any CPU.Build.0 = Release|Any CPU
		{74E76BDE-3CE3-430F-A4FD-5789A5897FB8}.Debug|Any CPU.ActiveCfg = Debug|Any CPU
		{74E76BDE-3CE3-430F-A4FD-5789A5897FB8}.Debug|Any CPU.Build.0 = Debug|Any CPU
		{74E76BDE-3CE3-430F-A4FD-5789A5897FB8}.Release|Any CPU.ActiveCfg = Release|Any CPU
		{74E76BDE-3CE3-430F-A4FD-5789A5897FB8}.Release|Any CPU.Build.0 = Release|Any CPU
		{8E9FE9BB-6680-4984-869B-2B9D155233A6}.Debug|Any CPU.ActiveCfg = Debug|Any CPU
		{8E9FE9BB-6680-4984-869B-2B9D155233A6}.Debug|Any CPU.Build.0 = Debug|Any CPU
		{8E9FE9BB-6680-4984-869B-2B9D155233A6}.Release|Any CPU.ActiveCfg = Release|Any CPU
		{8E9FE9BB-6680-4984-869B-2B9D155233A6}.Release|Any CPU.Build.0 = Release|Any CPU
	EndGlobalSection
	GlobalSection(NestedProjects) = preSolution
		{B76A003F-E714-4169-BC86-01B6CC310502} = {D75EC8FA-414F-4C8B-9380-690AE3D5337F}
		{A138134B-E481-4E1B-871F-86FBC7230017} = {D75EC8FA-414F-4C8B-9380-690AE3D5337F}
		{B337EF88-9C96-4561-A475-AED271645CCD} = {D75EC8FA-414F-4C8B-9380-690AE3D5337F}
		{74E76BDE-3CE3-430F-A4FD-5789A5897FB8} = {C8EA1333-9164-410F-949B-0A254604E339}
		{8E9FE9BB-6680-4984-869B-2B9D155233A6} = {D75EC8FA-414F-4C8B-9380-690AE3D5337F}
	EndGlobalSection
EndGlobal
